
Microsoft Visual Studio Solution File, Format Version 12.00
# Visual Studio Version 17
VisualStudioVersion = 17.10.35027.167
MinimumVisualStudioVersion = 10.0.40219.1
Project("{9A19103F-16F7-4668-BE54-9A1E7A4F7556}") = "Ev3Emulator", "Ev3Emulator\Ev3Emulator.csproj", "{5D1ED37B-5D6E-4FDD-B9E1-D3E09290C20E}"
EndProject
Project("{9A19103F-16F7-4668-BE54-9A1E7A4F7556}") = "Ev3ConsoleCmakeTest", "Ev3ConsoleCmakeTest\Ev3ConsoleCmakeTest.csproj", "{54202DC8-15FB-4BB8-96CE-C1221B5215E3}"
EndProject
Project("{9A19103F-16F7-4668-BE54-9A1E7A4F7556}") = "Ev3LowLevelLib", "Ev3LowLevelLib\Ev3LowLevelLib.csproj", "{4D5E105D-51B6-473C-9AFB-8E645087B3F9}"
EndProject
Global
	GlobalSection(SolutionConfigurationPlatforms) = preSolution
		Debug|Any CPU = Debug|Any CPU
		Release|Any CPU = Release|Any CPU
	EndGlobalSection
	GlobalSection(ProjectConfigurationPlatforms) = postSolution
		{5D1ED37B-5D6E-4FDD-B9E1-D3E09290C20E}.Debug|Any CPU.ActiveCfg = Debug|Any CPU
		{5D1ED37B-5D6E-4FDD-B9E1-D3E09290C20E}.Debug|Any CPU.Build.0 = Debug|Any CPU
		{5D1ED37B-5D6E-4FDD-B9E1-D3E09290C20E}.Release|Any CPU.ActiveCfg = Release|Any CPU
		{5D1ED37B-5D6E-4FDD-B9E1-D3E09290C20E}.Release|Any CPU.Build.0 = Release|Any CPU
		{54202DC8-15FB-4BB8-96CE-C1221B5215E3}.Debug|Any CPU.ActiveCfg = Debug|Any CPU
		{54202DC8-15FB-4BB8-96CE-C1221B5215E3}.Debug|Any CPU.Build.0 = Debug|Any CPU
		{54202DC8-15FB-4BB8-96CE-C1221B5215E3}.Release|Any CPU.ActiveCfg = Release|Any CPU
		{54202DC8-15FB-4BB8-96CE-C1221B5215E3}.Release|Any CPU.Build.0 = Release|Any CPU
		{4D5E105D-51B6-473C-9AFB-8E645087B3F9}.Debug|Any CPU.ActiveCfg = Debug|Any CPU
		{4D5E105D-51B6-473C-9AFB-8E645087B3F9}.Debug|Any CPU.Build.0 = Debug|Any CPU
		{4D5E105D-51B6-473C-9AFB-8E645087B3F9}.Release|Any CPU.ActiveCfg = Release|Any CPU
		{4D5E105D-51B6-473C-9AFB-8E645087B3F9}.Release|Any CPU.Build.0 = Release|Any CPU
	EndGlobalSection
	GlobalSection(SolutionProperties) = preSolution
		HideSolutionNode = FALSE
	EndGlobalSection
	GlobalSection(ExtensibilityGlobals) = postSolution
		SolutionGuid = {7867CBA1-72CA-49D7-904D-4F64E944FB6D}
	EndGlobalSection
EndGlobal
