
Microsoft Visual Studio Solution File, Format Version 12.00
# Visual Studio Version 17
VisualStudioVersion = 17.10.35027.167
MinimumVisualStudioVersion = 10.0.40219.1
Project("{9A19103F-16F7-4668-BE54-9A1E7A4F7556}") = "Ev3Emulator", "Ev3Emulator\Ev3Emulator.csproj", "{5D1ED37B-5D6E-4FDD-B9E1-D3E09290C20E}"
EndProject
Project("{9A19103F-16F7-4668-BE54-9A1E7A4F7556}") = "Ev3Decompiler", "Ev3Decompiler\Ev3Decompiler.csproj", "{0C71017B-A12B-4D92-B7C9-15A981B162AF}"
EndProject
Project("{9A19103F-16F7-4668-BE54-9A1E7A4F7556}") = "Ev3Model", "Ev3Model\Ev3Model.csproj", "{0DEE356F-6CC9-4626-BD4D-1EEB05DC2065}"
EndProject
Project("{9A19103F-16F7-4668-BE54-9A1E7A4F7556}") = "Ev3ConsoleTest", "Ev3ConsoleTest\Ev3ConsoleTest.csproj", "{0758EB9E-C78E-49E3-BA1D-C195C277816F}"
EndProject
Project("{9A19103F-16F7-4668-BE54-9A1E7A4F7556}") = "Ev3Core", "Ev3Core\Ev3Core.csproj", "{5843DFFC-2D71-41BD-A13A-AD7558384D4A}"
EndProject
Project("{FAE04EC0-301F-11D3-BF4B-00C04F79EFBC}") = "Ev3CoreUnsafe", "Ev3CoreUnsafe\Ev3CoreUnsafe.csproj", "{3AA651EB-A574-45BC-A1FC-8F976C6D8CC5}"
EndProject
Global
	GlobalSection(SolutionConfigurationPlatforms) = preSolution
		Debug|Any CPU = Debug|Any CPU
		Release|Any CPU = Release|Any CPU
	EndGlobalSection
	GlobalSection(ProjectConfigurationPlatforms) = postSolution
		{5D1ED37B-5D6E-4FDD-B9E1-D3E09290C20E}.Debug|Any CPU.ActiveCfg = Debug|Any CPU
		{5D1ED37B-5D6E-4FDD-B9E1-D3E09290C20E}.Debug|Any CPU.Build.0 = Debug|Any CPU
		{5D1ED37B-5D6E-4FDD-B9E1-D3E09290C20E}.Release|Any CPU.ActiveCfg = Release|Any CPU
		{5D1ED37B-5D6E-4FDD-B9E1-D3E09290C20E}.Release|Any CPU.Build.0 = Release|Any CPU
		{0C71017B-A12B-4D92-B7C9-15A981B162AF}.Debug|Any CPU.ActiveCfg = Debug|Any CPU
		{0C71017B-A12B-4D92-B7C9-15A981B162AF}.Debug|Any CPU.Build.0 = Debug|Any CPU
		{0C71017B-A12B-4D92-B7C9-15A981B162AF}.Release|Any CPU.ActiveCfg = Release|Any CPU
		{0C71017B-A12B-4D92-B7C9-15A981B162AF}.Release|Any CPU.Build.0 = Release|Any CPU
		{0DEE356F-6CC9-4626-BD4D-1EEB05DC2065}.Debug|Any CPU.ActiveCfg = Debug|Any CPU
		{0DEE356F-6CC9-4626-BD4D-1EEB05DC2065}.Debug|Any CPU.Build.0 = Debug|Any CPU
		{0DEE356F-6CC9-4626-BD4D-1EEB05DC2065}.Release|Any CPU.ActiveCfg = Release|Any CPU
		{0DEE356F-6CC9-4626-BD4D-1EEB05DC2065}.Release|Any CPU.Build.0 = Release|Any CPU
		{0758EB9E-C78E-49E3-BA1D-C195C277816F}.Debug|Any CPU.ActiveCfg = Debug|Any CPU
		{0758EB9E-C78E-49E3-BA1D-C195C277816F}.Debug|Any CPU.Build.0 = Debug|Any CPU
		{0758EB9E-C78E-49E3-BA1D-C195C277816F}.Release|Any CPU.ActiveCfg = Release|Any CPU
		{0758EB9E-C78E-49E3-BA1D-C195C277816F}.Release|Any CPU.Build.0 = Release|Any CPU
		{5843DFFC-2D71-41BD-A13A-AD7558384D4A}.Debug|Any CPU.ActiveCfg = Debug|Any CPU
		{5843DFFC-2D71-41BD-A13A-AD7558384D4A}.Debug|Any CPU.Build.0 = Debug|Any CPU
		{5843DFFC-2D71-41BD-A13A-AD7558384D4A}.Release|Any CPU.ActiveCfg = Release|Any CPU
		{5843DFFC-2D71-41BD-A13A-AD7558384D4A}.Release|Any CPU.Build.0 = Release|Any CPU
		{3AA651EB-A574-45BC-A1FC-8F976C6D8CC5}.Debug|Any CPU.ActiveCfg = Debug|Any CPU
		{3AA651EB-A574-45BC-A1FC-8F976C6D8CC5}.Debug|Any CPU.Build.0 = Debug|Any CPU
		{3AA651EB-A574-45BC-A1FC-8F976C6D8CC5}.Release|Any CPU.ActiveCfg = Release|Any CPU
		{3AA651EB-A574-45BC-A1FC-8F976C6D8CC5}.Release|Any CPU.Build.0 = Release|Any CPU
	EndGlobalSection
	GlobalSection(SolutionProperties) = preSolution
		HideSolutionNode = FALSE
	EndGlobalSection
	GlobalSection(ExtensibilityGlobals) = postSolution
		SolutionGuid = {7867CBA1-72CA-49D7-904D-4F64E944FB6D}
	EndGlobalSection
EndGlobal
